{
  "version": 4,
  "terraform_version": "0.13.5",
  "serial": 1,
  "lineage": "f76b236c-000f-0ab3-19fe-aa3ef2697340",
  "outputs": {},
  "resources": [
    {
      "module": "module.appservice",
      "mode": "managed",
      "type": "azurerm_app_service",
      "name": "test",
      "provider": "provider[\"registry.terraform.io/hashicorp/azurerm\"]",
      "instances": [
        {
          "schema_version": 0,
          "attributes": {
            "app_service_plan_id": "/subscriptions/382e9492-020f-4300-b96a-8e5b88fc422a/resourceGroups/wiggly-world/providers/Microsoft.Web/serverfarms/myapp-AppService",
            "app_settings": {
              "WEBSITE_RUN_FROM_PACKAGE": "0"
            },
            "auth_settings": [
              {
                "active_directory": [],
                "additional_login_params": {},
                "allowed_external_redirect_urls": [],
                "default_provider": "",
                "enabled": false,
                "facebook": [],
                "google": [],
                "issuer": "",
                "microsoft": [],
                "runtime_version": "",
                "token_refresh_extension_hours": 0,
                "token_store_enabled": false,
                "twitter": [],
                "unauthenticated_client_action": ""
              }
            ],
            "backup": [],
            "client_affinity_enabled": false,
            "client_cert_enabled": false,
            "connection_string": [],
            "default_site_hostname": "myapp-appservice.azurewebsites.net",
            "enabled": true,
            "https_only": false,
            "id": "/subscriptions/382e9492-020f-4300-b96a-8e5b88fc422a/resourceGroups/wiggly-world/providers/Microsoft.Web/sites/myapp-AppService",
            "identity": [],
            "location": "westus2",
            "logs": [
              {
                "application_logs": [
                  {
                    "azure_blob_storage": [],
                    "file_system_level": "Off"
                  }
                ],
                "http_logs": [
                  {
                    "azure_blob_storage": [],
                    "file_system": []
                  }
                ]
              }
            ],
            "name": "myapp-AppService",
            "outbound_ip_addresses": "40.64.73.23,40.64.73.121,40.64.75.111,40.64.75.125,40.64.75.227,40.64.76.236,40.64.77.143,40.64.77.159,40.64.77.195",
            "possible_outbound_ip_addresses": "40.64.73.23,40.64.73.121,40.64.75.111,40.64.75.125,40.64.75.227,40.64.76.236,40.64.77.143,40.64.77.159,40.64.77.195,40.64.76.240,40.64.76.242,40.64.77.87,40.64.77.111,40.64.77.122,40.64.77.131,40.91.83.189,52.250.74.132,52.250.76.69,52.250.76.130,52.250.76.137,52.250.76.145,52.250.76.146,52.250.76.153,52.250.76.177,52.250.76.180,52.250.76.191,52.250.76.192",
            "resource_group_name": "wiggly-world",
            "site_config": [
              {
                "always_on": false,
                "app_command_line": "",
                "auto_swap_slot_name": "",
                "cors": [],
                "default_documents": [
                  "Default.htm",
                  "Default.html",
                  "Default.asp",
                  "index.htm",
                  "index.html",
                  "iisstart.htm",
                  "default.aspx",
                  "index.php",
                  "hostingstart.html"
                ],
                "dotnet_framework_version": "v4.0",
                "ftps_state": "AllAllowed",
                "health_check_path": "",
                "http2_enabled": false,
                "ip_restriction": [],
                "java_container": "",
                "java_container_version": "",
                "java_version": "",
                "linux_fx_version": "",
                "local_mysql_enabled": false,
                "managed_pipeline_mode": "Integrated",
                "min_tls_version": "1.2",
                "php_version": "5.6",
                "python_version": "",
                "remote_debugging_enabled": false,
                "remote_debugging_version": "",
                "scm_ip_restriction": [],
                "scm_type": "None",
                "scm_use_main_ip_restriction": false,
                "use_32_bit_worker_process": true,
                "websockets_enabled": false,
                "windows_fx_version": ""
              }
            ],
            "site_credential": [
              {
                "password": "vnmC4KYfgjDFv2H4SqhCl0tApJv9MvcFksCCShpcLPvgD2862ud7bghZku9Q",
                "username": "$myapp-AppService"
              }
            ],
            "source_control": [
              {
                "branch": "master",
                "manual_integration": false,
                "repo_url": "",
                "rollback_enabled": false,
                "use_mercurial": false
              }
            ],
            "storage_account": [],
            "tags": null,
            "timeouts": null
          },
          "private": "eyJlMmJmYjczMC1lY2FhLTExZTYtOGY4OC0zNDM2M2JjN2M0YzAiOnsiY3JlYXRlIjoxODAwMDAwMDAwMDAwLCJkZWxldGUiOjE4MDAwMDAwMDAwMDAsInJlYWQiOjMwMDAwMDAwMDAwMCwidXBkYXRlIjoxODAwMDAwMDAwMDAwfX0=",
          "dependencies": [
            "module.appservice.azurerm_app_service_plan.test",
            "module.resource_group.azurerm_resource_group.test"
          ]
        }
      ]
    },
    {
      "module": "module.appservice",
      "mode": "managed",
      "type": "azurerm_app_service_plan",
      "name": "test",
      "provider": "provider[\"registry.terraform.io/hashicorp/azurerm\"]",
      "instances": [
        {
          "schema_version": 0,
          "attributes": {
            "app_service_environment_id": "",
            "id": "/subscriptions/382e9492-020f-4300-b96a-8e5b88fc422a/resourceGroups/wiggly-world/providers/Microsoft.Web/serverfarms/myapp-AppService",
            "is_xenon": false,
            "kind": "Windows",
            "location": "westus2",
            "maximum_elastic_worker_count": 1,
            "maximum_number_of_workers": 1,
            "name": "myapp-AppService",
            "per_site_scaling": false,
            "reserved": false,
            "resource_group_name": "wiggly-world",
            "sku": [
              {
                "capacity": 0,
                "size": "F1",
                "tier": "Free"
              }
            ],
            "tags": null,
            "timeouts": null
          },
          "private": "eyJlMmJmYjczMC1lY2FhLTExZTYtOGY4OC0zNDM2M2JjN2M0YzAiOnsiY3JlYXRlIjozNjAwMDAwMDAwMDAwLCJkZWxldGUiOjM2MDAwMDAwMDAwMDAsInJlYWQiOjMwMDAwMDAwMDAwMCwidXBkYXRlIjozNjAwMDAwMDAwMDAwfX0=",
          "dependencies": [
            "module.resource_group.azurerm_resource_group.test"
          ]
        }
      ]
    },
    {
      "module": "module.network",
      "mode": "managed",
      "type": "azurerm_subnet",
      "name": "test",
      "provider": "provider[\"registry.terraform.io/hashicorp/azurerm\"]",
      "instances": [
        {
          "schema_version": 0,
          "attributes": {
            "address_prefix": "10.5.1.0/24",
            "address_prefixes": [
              "10.5.1.0/24"
            ],
            "delegation": [],
            "enforce_private_link_endpoint_network_policies": false,
            "enforce_private_link_service_network_policies": false,
            "id": "/subscriptions/382e9492-020f-4300-b96a-8e5b88fc422a/resourceGroups/wiggly-world/providers/Microsoft.Network/virtualNetworks/myapp-NET/subnets/myapp-NET-sub",
            "name": "myapp-NET-sub",
            "resource_group_name": "wiggly-world",
            "service_endpoints": null,
            "timeouts": null,
            "virtual_network_name": "myapp-NET"
          },
          "private": "eyJlMmJmYjczMC1lY2FhLTExZTYtOGY4OC0zNDM2M2JjN2M0YzAiOnsiY3JlYXRlIjoxODAwMDAwMDAwMDAwLCJkZWxldGUiOjE4MDAwMDAwMDAwMDAsInJlYWQiOjMwMDAwMDAwMDAwMCwidXBkYXRlIjoxODAwMDAwMDAwMDAwfX0=",
          "dependencies": [
            "module.network.azurerm_virtual_network.test",
            "module.resource_group.azurerm_resource_group.test"
          ]
        }
      ]
    },
    {
      "module": "module.network",
      "mode": "managed",
      "type": "azurerm_virtual_network",
      "name": "test",
      "provider": "provider[\"registry.terraform.io/hashicorp/azurerm\"]",
      "instances": [
        {
          "schema_version": 0,
          "attributes": {
            "address_space": [
              "10.5.0.0/16"
            ],
            "ddos_protection_plan": [],
            "dns_servers": null,
            "guid": "2a1f38e6-c2ae-42ef-aba2-e4be3ba7fe5a",
            "id": "/subscriptions/382e9492-020f-4300-b96a-8e5b88fc422a/resourceGroups/wiggly-world/providers/Microsoft.Network/virtualNetworks/myapp-NET",
            "location": "westus2",
            "name": "myapp-NET",
            "resource_group_name": "wiggly-world",
            "subnet": [],
            "tags": null,
            "timeouts": null
          },
          "private": "eyJlMmJmYjczMC1lY2FhLTExZTYtOGY4OC0zNDM2M2JjN2M0YzAiOnsiY3JlYXRlIjoxODAwMDAwMDAwMDAwLCJkZWxldGUiOjE4MDAwMDAwMDAwMDAsInJlYWQiOjMwMDAwMDAwMDAwMCwidXBkYXRlIjoxODAwMDAwMDAwMDAwfX0=",
          "dependencies": [
            "module.resource_group.azurerm_resource_group.test"
          ]
        }
      ]
    },
    {
      "module": "module.nsg-test",
      "mode": "managed",
      "type": "azurerm_network_security_group",
      "name": "nsg",
      "provider": "provider[\"registry.terraform.io/hashicorp/azurerm\"]",
      "instances": [
        {
          "schema_version": 0,
          "attributes": {
            "id": "/subscriptions/382e9492-020f-4300-b96a-8e5b88fc422a/resourceGroups/wiggly-world/providers/Microsoft.Network/networkSecurityGroups/myapp-NSG",
            "location": "westus2",
            "name": "myapp-NSG",
            "resource_group_name": "wiggly-world",
            "security_rule": [
              {
                "access": "Allow",
                "description": "",
                "destination_address_prefix": "*",
                "destination_address_prefixes": [],
                "destination_application_security_group_ids": [],
                "destination_port_range": "22",
                "destination_port_ranges": [],
                "direction": "Inbound",
                "name": "SSH",
                "priority": 1001,
                "protocol": "Tcp",
                "source_address_prefix": "*",
                "source_address_prefixes": [],
                "source_application_security_group_ids": [],
                "source_port_range": "*",
                "source_port_ranges": []
              },
              {
                "access": "Allow",
                "description": "",
                "destination_address_prefix": "*",
                "destination_address_prefixes": [],
                "destination_application_security_group_ids": [],
                "destination_port_range": "5000",
                "destination_port_ranges": [],
                "direction": "Inbound",
                "name": "myapp-NSG-5000",
                "priority": 100,
                "protocol": "Tcp",
                "source_address_prefix": "10.5.1.0/24",
                "source_address_prefixes": [],
                "source_application_security_group_ids": [],
                "source_port_range": "*",
                "source_port_ranges": []
              }
            ],
            "tags": null,
            "timeouts": null
          },
          "private": "eyJlMmJmYjczMC1lY2FhLTExZTYtOGY4OC0zNDM2M2JjN2M0YzAiOnsiY3JlYXRlIjoxODAwMDAwMDAwMDAwLCJkZWxldGUiOjE4MDAwMDAwMDAwMDAsInJlYWQiOjMwMDAwMDAwMDAwMCwidXBkYXRlIjoxODAwMDAwMDAwMDAwfX0=",
          "dependencies": [
            "module.resource_group.azurerm_resource_group.test"
          ]
        }
      ]
    },
    {
      "module": "module.nsg-test",
      "mode": "managed",
      "type": "azurerm_subnet_network_security_group_association",
      "name": "test",
      "provider": "provider[\"registry.terraform.io/hashicorp/azurerm\"]",
      "instances": [
        {
          "schema_version": 0,
          "attributes": {
            "id": "/subscriptions/382e9492-020f-4300-b96a-8e5b88fc422a/resourceGroups/wiggly-world/providers/Microsoft.Network/virtualNetworks/myapp-NET/subnets/myapp-NET-sub",
            "network_security_group_id": "/subscriptions/382e9492-020f-4300-b96a-8e5b88fc422a/resourceGroups/wiggly-world/providers/Microsoft.Network/networkSecurityGroups/myapp-NSG",
            "subnet_id": "/subscriptions/382e9492-020f-4300-b96a-8e5b88fc422a/resourceGroups/wiggly-world/providers/Microsoft.Network/virtualNetworks/myapp-NET/subnets/myapp-NET-sub",
            "timeouts": null
          },
          "private": "eyJlMmJmYjczMC1lY2FhLTExZTYtOGY4OC0zNDM2M2JjN2M0YzAiOnsiY3JlYXRlIjoxODAwMDAwMDAwMDAwLCJkZWxldGUiOjE4MDAwMDAwMDAwMDAsInJlYWQiOjMwMDAwMDAwMDAwMCwidXBkYXRlIjoxODAwMDAwMDAwMDAwfX0=",
          "dependencies": [
            "module.network.azurerm_subnet.test",
            "module.network.azurerm_virtual_network.test",
            "module.nsg-test.azurerm_network_security_group.nsg",
            "module.resource_group.azurerm_resource_group.test"
          ]
        }
      ]
    },
    {
      "module": "module.publicip",
      "mode": "managed",
      "type": "azurerm_public_ip",
      "name": "test",
      "provider": "provider[\"registry.terraform.io/hashicorp/azurerm\"]",
      "instances": [
        {
          "schema_version": 0,
          "attributes": {
            "allocation_method": "Dynamic",
            "domain_name_label": null,
            "fqdn": null,
            "id": "/subscriptions/382e9492-020f-4300-b96a-8e5b88fc422a/resourceGroups/wiggly-world/providers/Microsoft.Network/publicIPAddresses/myapp-publicip-pubip",
            "idle_timeout_in_minutes": 4,
            "ip_address": "",
            "ip_version": "IPv4",
            "location": "westus2",
            "name": "myapp-publicip-pubip",
            "public_ip_prefix_id": null,
            "resource_group_name": "wiggly-world",
            "reverse_fqdn": null,
            "sku": "Basic",
            "tags": null,
            "timeouts": null,
            "zones": null
          },
          "private": "eyJlMmJmYjczMC1lY2FhLTExZTYtOGY4OC0zNDM2M2JjN2M0YzAiOnsiY3JlYXRlIjoxODAwMDAwMDAwMDAwLCJkZWxldGUiOjE4MDAwMDAwMDAwMDAsInJlYWQiOjMwMDAwMDAwMDAwMCwidXBkYXRlIjoxODAwMDAwMDAwMDAwfX0=",
          "dependencies": [
            "module.resource_group.azurerm_resource_group.test"
          ]
        }
      ]
    },
    {
      "module": "module.resource_group",
      "mode": "managed",
      "type": "azurerm_resource_group",
      "name": "test",
      "provider": "provider[\"registry.terraform.io/hashicorp/azurerm\"]",
      "instances": [
        {
          "schema_version": 0,
          "attributes": {
            "id": "/subscriptions/382e9492-020f-4300-b96a-8e5b88fc422a/resourceGroups/wiggly-world",
            "location": "westus2",
            "name": "wiggly-world",
            "tags": null,
            "timeouts": null
          },
          "private": "eyJlMmJmYjczMC1lY2FhLTExZTYtOGY4OC0zNDM2M2JjN2M0YzAiOnsiY3JlYXRlIjo1NDAwMDAwMDAwMDAwLCJkZWxldGUiOjU0MDAwMDAwMDAwMDAsInJlYWQiOjMwMDAwMDAwMDAwMCwidXBkYXRlIjo1NDAwMDAwMDAwMDAwfX0="
        }
      ]
    },
    {
      "module": "module.vm",
      "mode": "managed",
      "type": "azurerm_linux_virtual_machine",
      "name": "test",
      "provider": "provider[\"registry.terraform.io/hashicorp/azurerm\"]",
      "instances": [
        {
          "schema_version": 0,
          "attributes": {
            "additional_capabilities": [],
            "admin_password": null,
            "admin_ssh_key": [
              {
                "public_key": "ssh-rsa AAAAB3NzaC1yc2EAAAADAQABAAABAQC0Ol53Rp9MoyCRrcXwpuHbSXpvvHNT24dMy3NCnL8OD5bc2ywBMmAZAvc0BQoBZ8MxL9O67oaPENA/+C1UojdtHSyBfYXYZxRKiqFyrRTdYCqcFZ/brZfCxIeQJ7FWs5TKA2/CRMaudClnwZrrpKe8ihZyjEOyHT7AK3tHD00ixFnJ6M6WPwEEaRg0ZHMkrDKLa4+ikgg6d+cwWN80YJvpJUKgR+Qss7SD4aKI8lsXUf7KWNQgfGoppcAIdOpt95VFxUF5WzCNn8JT4a0xQdijftfeOgno2F7MITI3DLz3enk1Q4Ieo7nTxCnDM8KQUB+M0FDhQ6Tr6HQPEPKV75Cd paulw@PAUL-DESKTOP-1\r\n",
                "username": "adminuser"
              }
            ],
            "admin_username": "adminuser",
            "allow_extension_operations": true,
            "availability_set_id": "",
            "boot_diagnostics": [],
            "computer_name": "myapp-vm",
            "custom_data": null,
            "dedicated_host_id": "",
            "disable_password_authentication": true,
            "encryption_at_host_enabled": false,
            "eviction_policy": "",
            "id": "/subscriptions/382e9492-020f-4300-b96a-8e5b88fc422a/resourceGroups/wiggly-world/providers/Microsoft.Compute/virtualMachines/myapp-vm",
            "identity": [],
            "location": "westus2",
            "max_bid_price": -1,
            "name": "myapp-vm",
            "network_interface_ids": [
              "/subscriptions/382e9492-020f-4300-b96a-8e5b88fc422a/resourceGroups/wiggly-world/providers/Microsoft.Network/networkInterfaces/myapp-vm-nic"
            ],
            "os_disk": [
              {
                "caching": "ReadWrite",
                "diff_disk_settings": [],
                "disk_encryption_set_id": "",
                "disk_size_gb": 30,
                "name": "myapp-vm_OsDisk_1_f136459287e74dcb8ec6942538c5eb0c",
                "storage_account_type": "Standard_LRS",
                "write_accelerator_enabled": false
              }
            ],
            "plan": [],
            "priority": "Regular",
            "private_ip_address": "10.5.1.4",
            "private_ip_addresses": [
              "10.5.1.4"
            ],
            "provision_vm_agent": true,
            "proximity_placement_group_id": "",
            "public_ip_address": "52.191.166.35",
            "public_ip_addresses": [
              "52.191.166.35"
            ],
            "resource_group_name": "wiggly-world",
            "secret": [],
            "size": "Standard_B1s",
            "source_image_id": "",
            "source_image_reference": [
              {
                "offer": "UbuntuServer",
                "publisher": "Canonical",
                "sku": "18.04-LTS",
                "version": "latest"
              }
            ],
            "tags": null,
            "timeouts": null,
            "virtual_machine_id": "b7d358be-7d25-48e0-82d8-f1ee1e6160a6",
            "virtual_machine_scale_set_id": "",
            "zone": ""
          },
          "private": "eyJlMmJmYjczMC1lY2FhLTExZTYtOGY4OC0zNDM2M2JjN2M0YzAiOnsiY3JlYXRlIjoyNzAwMDAwMDAwMDAwLCJkZWxldGUiOjI3MDAwMDAwMDAwMDAsInJlYWQiOjMwMDAwMDAwMDAwMCwidXBkYXRlIjoyNzAwMDAwMDAwMDAwfX0=",
          "dependencies": [
            "module.network.azurerm_subnet.test",
            "module.network.azurerm_virtual_network.test",
            "module.publicip.azurerm_public_ip.test",
            "module.resource_group.azurerm_resource_group.test",
            "module.vm.azurerm_network_interface.test"
          ]
        }
      ]
    },
    {
      "module": "module.vm",
      "mode": "managed",
      "type": "azurerm_network_interface",
      "name": "test",
      "provider": "provider[\"registry.terraform.io/hashicorp/azurerm\"]",
      "instances": [
        {
          "schema_version": 0,
          "attributes": {
            "applied_dns_servers": [],
            "dns_servers": [],
            "enable_accelerated_networking": false,
            "enable_ip_forwarding": false,
            "id": "/subscriptions/382e9492-020f-4300-b96a-8e5b88fc422a/resourceGroups/wiggly-world/providers/Microsoft.Network/networkInterfaces/myapp-vm-nic",
            "internal_dns_name_label": "",
            "internal_domain_name_suffix": "2y2b4kvoylxufk3c2s5dxj54lc.xx.internal.cloudapp.net",
            "ip_configuration": [
              {
                "name": "internal",
                "primary": true,
                "private_ip_address": "10.5.1.4",
                "private_ip_address_allocation": "Dynamic",
                "private_ip_address_version": "IPv4",
                "public_ip_address_id": "/subscriptions/382e9492-020f-4300-b96a-8e5b88fc422a/resourceGroups/wiggly-world/providers/Microsoft.Network/publicIPAddresses/myapp-publicip-pubip",
                "subnet_id": "/subscriptions/382e9492-020f-4300-b96a-8e5b88fc422a/resourceGroups/wiggly-world/providers/Microsoft.Network/virtualNetworks/myapp-NET/subnets/myapp-NET-sub"
              }
            ],
            "location": "westus2",
            "mac_address": "",
            "name": "myapp-vm-nic",
            "private_ip_address": "10.5.1.4",
            "private_ip_addresses": [
              "10.5.1.4"
            ],
            "resource_group_name": "wiggly-world",
            "tags": null,
            "timeouts": null,
            "virtual_machine_id": ""
          },
          "private": "eyJlMmJmYjczMC1lY2FhLTExZTYtOGY4OC0zNDM2M2JjN2M0YzAiOnsiY3JlYXRlIjoxODAwMDAwMDAwMDAwLCJkZWxldGUiOjE4MDAwMDAwMDAwMDAsInJlYWQiOjMwMDAwMDAwMDAwMCwidXBkYXRlIjoxODAwMDAwMDAwMDAwfX0=",
          "dependencies": [
            "module.network.azurerm_subnet.test",
            "module.network.azurerm_virtual_network.test",
            "module.publicip.azurerm_public_ip.test",
            "module.resource_group.azurerm_resource_group.test"
          ]
        }
      ]
    }
  ]
}
